{
  "name": "file-lockdown",
  "version": "1.1.2",
  "lockfileVersion": 3,
  "requires": true,
  "packages": {
    "": {
      "name": "file-lockdown",
      "version": "1.1.2",
      "license": "MIT",
      "dependencies": {
        "config-sets": "^2.6.3",
        "net-fn": "^1.1.0"
      }
    },
    "node_modules/config-sets": {
      "version": "2.6.3",
      "resolved": "https://registry.npmjs.org/config-sets/-/config-sets-2.6.3.tgz",
      "integrity": "sha512-MDtjB4XvzWb6leEE2u1f0cQF6Su+zA4Xk5lpkuqQZ4KPDr2a8aMYLiGxoX60MMjPyhchzDvxi9vMbI5tcAc5Wg=="
    },
    "node_modules/net-fn": {
      "version": "1.1.0",
      "resolved": "https://registry.npmjs.org/net-fn/-/net-fn-1.1.0.tgz",
      "integrity": "sha512-JVEKjsVZADUixw2ArQyEX5RrTnxoX9BtFSsgqmxSrEi81D8fRnmkybZJ0gxzFcrXPzPxCWFkyHiGqq7EN8rvkQ==",
      "dependencies": {
        "config-sets": "^2.6.3",
        "try-to-run": "^1.3.7"
      }
    },
    "node_modules/try-to-run": {
      "version": "1.3.7",
      "resolved": "https://registry.npmjs.org/try-to-run/-/try-to-run-1.3.7.tgz",
      "integrity": "sha512-Vqnfhwan6tdyXMUtOSui5uKfTC9rnsYk8OoMHaZYMjTt2G5q4zxD8Mladgt5fFGeCsc9DZlVqjHbkmOa2kkoUA==",
      "dependencies": {
        "config-sets": "^2.6.3"
      }
    }
  }
}
